# This file is automatically @generated by Wally.
# It is not intended for manual editing.
registry = "test"

[[package]]
name = "nnoob/merchant-simulator"
version = "0.1.0"
dependencies = [["profilestore", "vyon/profilestore@1.0.3"]]

[[package]]
name = "vyon/profilestore"
version = "1.0.3"
dependencies = []
